
Microsoft Visual Studio Solution File, Format Version 12.00
# Visual Studio Version 16
VisualStudioVersion = 16.0.31005.135
MinimumVisualStudioVersion = 10.0.40219.1
Project("{FAE04EC0-301F-11D3-BF4B-00C04F79EFBC}") = "CameraViewApp.UWP", "CameraViewApp\CameraViewApp.UWP\CameraViewApp.UWP.csproj", "{1CCE7472-6E16-4375-845A-DEE687B84BB3}"
EndProject
Project("{FAE04EC0-301F-11D3-BF4B-00C04F79EFBC}") = "CameraViewApp.Android", "CameraViewApp\CameraViewApp.Android\CameraViewApp.Android.csproj", "{418E388A-8BCB-429C-B389-747D59004863}"
EndProject
Project("{FAE04EC0-301F-11D3-BF4B-00C04F79EFBC}") = "CameraViewApp.iOS", "CameraViewApp\CameraViewApp.iOS\CameraViewApp.iOS.csproj", "{F48F00E4-CE40-4953-8756-60F19C22F788}"
EndProject
Project("{FAE04EC0-301F-11D3-BF4B-00C04F79EFBC}") = "CameraViewApp", "CameraViewApp\CameraViewApp\CameraViewApp.csproj", "{F89907ED-14EF-4FD4-9123-05D660E9D639}"
EndProject
Global
	GlobalSection(SolutionConfigurationPlatforms) = preSolution
		Debug|Any CPU = Debug|Any CPU
		Debug|ARM = Debug|ARM
		Debug|iPhone = Debug|iPhone
		Debug|iPhoneSimulator = Debug|iPhoneSimulator
		Debug|x64 = Debug|x64
		Debug|x86 = Debug|x86
		Release|Any CPU = Release|Any CPU
		Release|ARM = Release|ARM
		Release|iPhone = Release|iPhone
		Release|iPhoneSimulator = Release|iPhoneSimulator
		Release|x64 = Release|x64
		Release|x86 = Release|x86
	EndGlobalSection
	GlobalSection(ProjectConfigurationPlatforms) = postSolution
		{1CCE7472-6E16-4375-845A-DEE687B84BB3}.Debug|Any CPU.ActiveCfg = Debug|x86
		{1CCE7472-6E16-4375-845A-DEE687B84BB3}.Debug|Any CPU.Build.0 = Debug|x86
		{1CCE7472-6E16-4375-845A-DEE687B84BB3}.Debug|Any CPU.Deploy.0 = Debug|x86
		{1CCE7472-6E16-4375-845A-DEE687B84BB3}.Debug|ARM.ActiveCfg = Debug|ARM
		{1CCE7472-6E16-4375-845A-DEE687B84BB3}.Debug|ARM.Build.0 = Debug|ARM
		{1CCE7472-6E16-4375-845A-DEE687B84BB3}.Debug|ARM.Deploy.0 = Debug|ARM
		{1CCE7472-6E16-4375-845A-DEE687B84BB3}.Debug|iPhone.ActiveCfg = Debug|x86
		{1CCE7472-6E16-4375-845A-DEE687B84BB3}.Debug|iPhone.Build.0 = Debug|x86
		{1CCE7472-6E16-4375-845A-DEE687B84BB3}.Debug|iPhone.Deploy.0 = Debug|x86
		{1CCE7472-6E16-4375-845A-DEE687B84BB3}.Debug|iPhoneSimulator.ActiveCfg = Debug|x86
		{1CCE7472-6E16-4375-845A-DEE687B84BB3}.Debug|iPhoneSimulator.Build.0 = Debug|x86
		{1CCE7472-6E16-4375-845A-DEE687B84BB3}.Debug|iPhoneSimulator.Deploy.0 = Debug|x86
		{1CCE7472-6E16-4375-845A-DEE687B84BB3}.Debug|x64.ActiveCfg = Debug|x64
		{1CCE7472-6E16-4375-845A-DEE687B84BB3}.Debug|x64.Build.0 = Debug|x64
		{1CCE7472-6E16-4375-845A-DEE687B84BB3}.Debug|x64.Deploy.0 = Debug|x64
		{1CCE7472-6E16-4375-845A-DEE687B84BB3}.Debug|x86.ActiveCfg = Debug|x86
		{1CCE7472-6E16-4375-845A-DEE687B84BB3}.Debug|x86.Build.0 = Debug|x86
		{1CCE7472-6E16-4375-845A-DEE687B84BB3}.Debug|x86.Deploy.0 = Debug|x86
		{1CCE7472-6E16-4375-845A-DEE687B84BB3}.Release|Any CPU.ActiveCfg = Release|x86
		{1CCE7472-6E16-4375-845A-DEE687B84BB3}.Release|Any CPU.Build.0 = Release|x86
		{1CCE7472-6E16-4375-845A-DEE687B84BB3}.Release|Any CPU.Deploy.0 = Release|x86
		{1CCE7472-6E16-4375-845A-DEE687B84BB3}.Release|ARM.ActiveCfg = Release|ARM
		{1CCE7472-6E16-4375-845A-DEE687B84BB3}.Release|ARM.Build.0 = Release|ARM
		{1CCE7472-6E16-4375-845A-DEE687B84BB3}.Release|ARM.Deploy.0 = Release|ARM
		{1CCE7472-6E16-4375-845A-DEE687B84BB3}.Release|iPhone.ActiveCfg = Release|x86
		{1CCE7472-6E16-4375-845A-DEE687B84BB3}.Release|iPhone.Build.0 = Release|x86
		{1CCE7472-6E16-4375-845A-DEE687B84BB3}.Release|iPhone.Deploy.0 = Release|x86
		{1CCE7472-6E16-4375-845A-DEE687B84BB3}.Release|iPhoneSimulator.ActiveCfg = Release|x86
		{1CCE7472-6E16-4375-845A-DEE687B84BB3}.Release|iPhoneSimulator.Build.0 = Release|x86
		{1CCE7472-6E16-4375-845A-DEE687B84BB3}.Release|iPhoneSimulator.Deploy.0 = Release|x86
		{1CCE7472-6E16-4375-845A-DEE687B84BB3}.Release|x64.ActiveCfg = Release|x64
		{1CCE7472-6E16-4375-845A-DEE687B84BB3}.Release|x64.Build.0 = Release|x64
		{1CCE7472-6E16-4375-845A-DEE687B84BB3}.Release|x64.Deploy.0 = Release|x64
		{1CCE7472-6E16-4375-845A-DEE687B84BB3}.Release|x86.ActiveCfg = Release|x86
		{1CCE7472-6E16-4375-845A-DEE687B84BB3}.Release|x86.Build.0 = Release|x86
		{1CCE7472-6E16-4375-845A-DEE687B84BB3}.Release|x86.Deploy.0 = Release|x86
		{418E388A-8BCB-429C-B389-747D59004863}.Debug|Any CPU.ActiveCfg = Debug|Any CPU
		{418E388A-8BCB-429C-B389-747D59004863}.Debug|Any CPU.Build.0 = Debug|Any CPU
		{418E388A-8BCB-429C-B389-747D59004863}.Debug|Any CPU.Deploy.0 = Debug|Any CPU
		{418E388A-8BCB-429C-B389-747D59004863}.Debug|ARM.ActiveCfg = Debug|Any CPU
		{418E388A-8BCB-429C-B389-747D59004863}.Debug|ARM.Build.0 = Debug|Any CPU
		{418E388A-8BCB-429C-B389-747D59004863}.Debug|ARM.Deploy.0 = Debug|Any CPU
		{418E388A-8BCB-429C-B389-747D59004863}.Debug|iPhone.ActiveCfg = Debug|Any CPU
		{418E388A-8BCB-429C-B389-747D59004863}.Debug|iPhone.Build.0 = Debug|Any CPU
		{418E388A-8BCB-429C-B389-747D59004863}.Debug|iPhone.Deploy.0 = Debug|Any CPU
		{418E388A-8BCB-429C-B389-747D59004863}.Debug|iPhoneSimulator.ActiveCfg = Debug|Any CPU
		{418E388A-8BCB-429C-B389-747D59004863}.Debug|iPhoneSimulator.Build.0 = Debug|Any CPU
		{418E388A-8BCB-429C-B389-747D59004863}.Debug|iPhoneSimulator.Deploy.0 = Debug|Any CPU
		{418E388A-8BCB-429C-B389-747D59004863}.Debug|x64.ActiveCfg = Debug|Any CPU
		{418E388A-8BCB-429C-B389-747D59004863}.Debug|x64.Build.0 = Debug|Any CPU
		{418E388A-8BCB-429C-B389-747D59004863}.Debug|x64.Deploy.0 = Debug|Any CPU
		{418E388A-8BCB-429C-B389-747D59004863}.Debug|x86.ActiveCfg = Debug|Any CPU
		{418E388A-8BCB-429C-B389-747D59004863}.Debug|x86.Build.0 = Debug|Any CPU
		{418E388A-8BCB-429C-B389-747D59004863}.Debug|x86.Deploy.0 = Debug|Any CPU
		{418E388A-8BCB-429C-B389-747D59004863}.Release|Any CPU.ActiveCfg = Release|Any CPU
		{418E388A-8BCB-429C-B389-747D59004863}.Release|Any CPU.Build.0 = Release|Any CPU
		{418E388A-8BCB-429C-B389-747D59004863}.Release|Any CPU.Deploy.0 = Release|Any CPU
		{418E388A-8BCB-429C-B389-747D59004863}.Release|ARM.ActiveCfg = Release|Any CPU
		{418E388A-8BCB-429C-B389-747D59004863}.Release|ARM.Build.0 = Release|Any CPU
		{418E388A-8BCB-429C-B389-747D59004863}.Release|ARM.Deploy.0 = Release|Any CPU
		{418E388A-8BCB-429C-B389-747D59004863}.Release|iPhone.ActiveCfg = Release|Any CPU
		{418E388A-8BCB-429C-B389-747D59004863}.Release|iPhone.Build.0 = Release|Any CPU
		{418E388A-8BCB-429C-B389-747D59004863}.Release|iPhone.Deploy.0 = Release|Any CPU
		{418E388A-8BCB-429C-B389-747D59004863}.Release|iPhoneSimulator.ActiveCfg = Release|Any CPU
		{418E388A-8BCB-429C-B389-747D59004863}.Release|iPhoneSimulator.Build.0 = Release|Any CPU
		{418E388A-8BCB-429C-B389-747D59004863}.Release|iPhoneSimulator.Deploy.0 = Release|Any CPU
		{418E388A-8BCB-429C-B389-747D59004863}.Release|x64.ActiveCfg = Release|Any CPU
		{418E388A-8BCB-429C-B389-747D59004863}.Release|x64.Build.0 = Release|Any CPU
		{418E388A-8BCB-429C-B389-747D59004863}.Release|x64.Deploy.0 = Release|Any CPU
		{418E388A-8BCB-429C-B389-747D59004863}.Release|x86.ActiveCfg = Release|Any CPU
		{418E388A-8BCB-429C-B389-747D59004863}.Release|x86.Build.0 = Release|Any CPU
		{418E388A-8BCB-429C-B389-747D59004863}.Release|x86.Deploy.0 = Release|Any CPU
		{F48F00E4-CE40-4953-8756-60F19C22F788}.Debug|Any CPU.ActiveCfg = Debug|iPhoneSimulator
		{F48F00E4-CE40-4953-8756-60F19C22F788}.Debug|Any CPU.Build.0 = Debug|iPhoneSimulator
		{F48F00E4-CE40-4953-8756-60F19C22F788}.Debug|Any CPU.Deploy.0 = Debug|iPhoneSimulator
		{F48F00E4-CE40-4953-8756-60F19C22F788}.Debug|ARM.ActiveCfg = Debug|iPhone
		{F48F00E4-CE40-4953-8756-60F19C22F788}.Debug|ARM.Build.0 = Debug|iPhone
		{F48F00E4-CE40-4953-8756-60F19C22F788}.Debug|ARM.Deploy.0 = Debug|iPhone
		{F48F00E4-CE40-4953-8756-60F19C22F788}.Debug|iPhone.ActiveCfg = Debug|iPhone
		{F48F00E4-CE40-4953-8756-60F19C22F788}.Debug|iPhone.Build.0 = Debug|iPhone
		{F48F00E4-CE40-4953-8756-60F19C22F788}.Debug|iPhone.Deploy.0 = Debug|iPhone
		{F48F00E4-CE40-4953-8756-60F19C22F788}.Debug|iPhoneSimulator.ActiveCfg = Debug|iPhoneSimulator
		{F48F00E4-CE40-4953-8756-60F19C22F788}.Debug|iPhoneSimulator.Build.0 = Debug|iPhoneSimulator
		{F48F00E4-CE40-4953-8756-60F19C22F788}.Debug|iPhoneSimulator.Deploy.0 = Debug|iPhoneSimulator
		{F48F00E4-CE40-4953-8756-60F19C22F788}.Debug|x64.ActiveCfg = Debug|iPhoneSimulator
		{F48F00E4-CE40-4953-8756-60F19C22F788}.Debug|x64.Build.0 = Debug|iPhoneSimulator
		{F48F00E4-CE40-4953-8756-60F19C22F788}.Debug|x64.Deploy.0 = Debug|iPhoneSimulator
		{F48F00E4-CE40-4953-8756-60F19C22F788}.Debug|x86.ActiveCfg = Debug|iPhoneSimulator
		{F48F00E4-CE40-4953-8756-60F19C22F788}.Debug|x86.Build.0 = Debug|iPhoneSimulator
		{F48F00E4-CE40-4953-8756-60F19C22F788}.Debug|x86.Deploy.0 = Debug|iPhoneSimulator
		{F48F00E4-CE40-4953-8756-60F19C22F788}.Release|Any CPU.ActiveCfg = Release|iPhoneSimulator
		{F48F00E4-CE40-4953-8756-60F19C22F788}.Release|Any CPU.Build.0 = Release|iPhoneSimulator
		{F48F00E4-CE40-4953-8756-60F19C22F788}.Release|Any CPU.Deploy.0 = Release|iPhoneSimulator
		{F48F00E4-CE40-4953-8756-60F19C22F788}.Release|ARM.ActiveCfg = Release|iPhoneSimulator
		{F48F00E4-CE40-4953-8756-60F19C22F788}.Release|ARM.Build.0 = Release|iPhoneSimulator
		{F48F00E4-CE40-4953-8756-60F19C22F788}.Release|ARM.Deploy.0 = Release|iPhoneSimulator
		{F48F00E4-CE40-4953-8756-60F19C22F788}.Release|iPhone.ActiveCfg = Release|iPhone
		{F48F00E4-CE40-4953-8756-60F19C22F788}.Release|iPhone.Build.0 = Release|iPhone
		{F48F00E4-CE40-4953-8756-60F19C22F788}.Release|iPhone.Deploy.0 = Release|iPhone
		{F48F00E4-CE40-4953-8756-60F19C22F788}.Release|iPhoneSimulator.ActiveCfg = Release|iPhoneSimulator
		{F48F00E4-CE40-4953-8756-60F19C22F788}.Release|iPhoneSimulator.Build.0 = Release|iPhoneSimulator
		{F48F00E4-CE40-4953-8756-60F19C22F788}.Release|iPhoneSimulator.Deploy.0 = Release|iPhoneSimulator
		{F48F00E4-CE40-4953-8756-60F19C22F788}.Release|x64.ActiveCfg = Release|iPhoneSimulator
		{F48F00E4-CE40-4953-8756-60F19C22F788}.Release|x64.Build.0 = Release|iPhoneSimulator
		{F48F00E4-CE40-4953-8756-60F19C22F788}.Release|x64.Deploy.0 = Release|iPhoneSimulator
		{F48F00E4-CE40-4953-8756-60F19C22F788}.Release|x86.ActiveCfg = Release|iPhoneSimulator
		{F48F00E4-CE40-4953-8756-60F19C22F788}.Release|x86.Build.0 = Release|iPhoneSimulator
		{F48F00E4-CE40-4953-8756-60F19C22F788}.Release|x86.Deploy.0 = Release|iPhoneSimulator
		{F89907ED-14EF-4FD4-9123-05D660E9D639}.Debug|Any CPU.ActiveCfg = Debug|Any CPU
		{F89907ED-14EF-4FD4-9123-05D660E9D639}.Debug|Any CPU.Build.0 = Debug|Any CPU
		{F89907ED-14EF-4FD4-9123-05D660E9D639}.Debug|Any CPU.Deploy.0 = Debug|Any CPU
		{F89907ED-14EF-4FD4-9123-05D660E9D639}.Debug|ARM.ActiveCfg = Debug|Any CPU
		{F89907ED-14EF-4FD4-9123-05D660E9D639}.Debug|ARM.Build.0 = Debug|Any CPU
		{F89907ED-14EF-4FD4-9123-05D660E9D639}.Debug|ARM.Deploy.0 = Debug|Any CPU
		{F89907ED-14EF-4FD4-9123-05D660E9D639}.Debug|iPhone.ActiveCfg = Debug|Any CPU
		{F89907ED-14EF-4FD4-9123-05D660E9D639}.Debug|iPhone.Build.0 = Debug|Any CPU
		{F89907ED-14EF-4FD4-9123-05D660E9D639}.Debug|iPhone.Deploy.0 = Debug|Any CPU
		{F89907ED-14EF-4FD4-9123-05D660E9D639}.Debug|iPhoneSimulator.ActiveCfg = Debug|Any CPU
		{F89907ED-14EF-4FD4-9123-05D660E9D639}.Debug|iPhoneSimulator.Build.0 = Debug|Any CPU
		{F89907ED-14EF-4FD4-9123-05D660E9D639}.Debug|iPhoneSimulator.Deploy.0 = Debug|Any CPU
		{F89907ED-14EF-4FD4-9123-05D660E9D639}.Debug|x64.ActiveCfg = Debug|Any CPU
		{F89907ED-14EF-4FD4-9123-05D660E9D639}.Debug|x64.Build.0 = Debug|Any CPU
		{F89907ED-14EF-4FD4-9123-05D660E9D639}.Debug|x64.Deploy.0 = Debug|Any CPU
		{F89907ED-14EF-4FD4-9123-05D660E9D639}.Debug|x86.ActiveCfg = Debug|Any CPU
		{F89907ED-14EF-4FD4-9123-05D660E9D639}.Debug|x86.Build.0 = Debug|Any CPU
		{F89907ED-14EF-4FD4-9123-05D660E9D639}.Debug|x86.Deploy.0 = Debug|Any CPU
		{F89907ED-14EF-4FD4-9123-05D660E9D639}.Release|Any CPU.ActiveCfg = Release|Any CPU
		{F89907ED-14EF-4FD4-9123-05D660E9D639}.Release|Any CPU.Build.0 = Release|Any CPU
		{F89907ED-14EF-4FD4-9123-05D660E9D639}.Release|Any CPU.Deploy.0 = Release|Any CPU
		{F89907ED-14EF-4FD4-9123-05D660E9D639}.Release|ARM.ActiveCfg = Release|Any CPU
		{F89907ED-14EF-4FD4-9123-05D660E9D639}.Release|ARM.Build.0 = Release|Any CPU
		{F89907ED-14EF-4FD4-9123-05D660E9D639}.Release|ARM.Deploy.0 = Release|Any CPU
		{F89907ED-14EF-4FD4-9123-05D660E9D639}.Release|iPhone.ActiveCfg = Release|Any CPU
		{F89907ED-14EF-4FD4-9123-05D660E9D639}.Release|iPhone.Build.0 = Release|Any CPU
		{F89907ED-14EF-4FD4-9123-05D660E9D639}.Release|iPhone.Deploy.0 = Release|Any CPU
		{F89907ED-14EF-4FD4-9123-05D660E9D639}.Release|iPhoneSimulator.ActiveCfg = Release|Any CPU
		{F89907ED-14EF-4FD4-9123-05D660E9D639}.Release|iPhoneSimulator.Build.0 = Release|Any CPU
		{F89907ED-14EF-4FD4-9123-05D660E9D639}.Release|iPhoneSimulator.Deploy.0 = Release|Any CPU
		{F89907ED-14EF-4FD4-9123-05D660E9D639}.Release|x64.ActiveCfg = Release|Any CPU
		{F89907ED-14EF-4FD4-9123-05D660E9D639}.Release|x64.Build.0 = Release|Any CPU
		{F89907ED-14EF-4FD4-9123-05D660E9D639}.Release|x64.Deploy.0 = Release|Any CPU
		{F89907ED-14EF-4FD4-9123-05D660E9D639}.Release|x86.ActiveCfg = Release|Any CPU
		{F89907ED-14EF-4FD4-9123-05D660E9D639}.Release|x86.Build.0 = Release|Any CPU
		{F89907ED-14EF-4FD4-9123-05D660E9D639}.Release|x86.Deploy.0 = Release|Any CPU
	EndGlobalSection
	GlobalSection(SolutionProperties) = preSolution
		HideSolutionNode = FALSE
	EndGlobalSection
	GlobalSection(ExtensibilityGlobals) = postSolution
		SolutionGuid = {B7F2EAAB-7828-449D-A9F8-62CCBAA9CE85}
	EndGlobalSection
EndGlobal
